
Microsoft Visual Studio Solution File, Format Version 12.00
# Visual Studio Version 17
VisualStudioVersion = 17.10.35013.160
MinimumVisualStudioVersion = 10.0.40219.1
Project("{FAE04EC0-301F-11D3-BF4B-00C04F79EFBC}") = "TalismaEngageAI", "TalismaEngageAI\TalismaEngageAI.csproj", "{557B77B8-ECC4-4E43-9A31-C98D9C1C6DB3}"
EndProject
Global
	GlobalSection(SolutionConfigurationPlatforms) = preSolution
		Debug|Any CPU = Debug|Any CPU
		Release|Any CPU = Release|Any CPU
	EndGlobalSection
	GlobalSection(ProjectConfigurationPlatforms) = postSolution
		{557B77B8-ECC4-4E43-9A31-C98D9C1C6DB3}.Debug|Any CPU.ActiveCfg = Debug|Any CPU
		{557B77B8-ECC4-4E43-9A31-C98D9C1C6DB3}.Debug|Any CPU.Build.0 = Debug|Any CPU
		{557B77B8-ECC4-4E43-9A31-C98D9C1C6DB3}.Release|Any CPU.ActiveCfg = Release|Any CPU
		{557B77B8-ECC4-4E43-9A31-C98D9C1C6DB3}.Release|Any CPU.Build.0 = Release|Any CPU
	EndGlobalSection
	GlobalSection(SolutionProperties) = preSolution
		HideSolutionNode = FALSE
	EndGlobalSection
	GlobalSection(ExtensibilityGlobals) = postSolution
		SolutionGuid = {F68589E2-927F-4853-9474-8DF7D50ACCA0}
	EndGlobalSection
EndGlobal
